{
  "name": "@jsware/jsonpath-cli",
  "version": "1.0.1",
  "lockfileVersion": 2,
  "requires": true,
  "packages": {
    "": {
      "name": "@jsware/jsonpath-cli",
      "version": "1.0.1",
      "license": "GPL-3.0-or-later",
      "dependencies": {
        "commander": "^8.2.0",
        "jsonpath-plus": "^6.0.1"
      },
      "bin": {
        "jpp": "bin/jpp"
      },
      "engines": {
        "node": ">=12.0.0"
      }
    },
    "node_modules/commander": {
      "version": "8.2.0",
      "resolved": "https://registry.npmjs.org/commander/-/commander-8.2.0.tgz",
      "integrity": "sha512-LLKxDvHeL91/8MIyTAD5BFMNtoIwztGPMiM/7Bl8rIPmHCZXRxmSWr91h57dpOpnQ6jIUqEWdXE/uBYMfiVZDA==",
      "engines": {
        "node": ">= 12"
      }
    },
    "node_modules/jsonpath-plus": {
      "version": "6.0.1",
      "resolved": "https://registry.npmjs.org/jsonpath-plus/-/jsonpath-plus-6.0.1.tgz",
      "integrity": "sha512-EvGovdvau6FyLexFH2OeXfIITlgIbgZoAZe3usiySeaIDm5QS+A10DKNpaPBBqqRSZr2HN6HVNXxtwUAr2apEw==",
      "engines": {
        "node": ">=10.0.0"
      }
    }
  },
  "dependencies": {
    "commander": {
      "version": "8.2.0",
      "resolved": "https://registry.npmjs.org/commander/-/commander-8.2.0.tgz",
      "integrity": "sha512-LLKxDvHeL91/8MIyTAD5BFMNtoIwztGPMiM/7Bl8rIPmHCZXRxmSWr91h57dpOpnQ6jIUqEWdXE/uBYMfiVZDA=="
    },
    "jsonpath-plus": {
      "version": "6.0.1",
      "resolved": "https://registry.npmjs.org/jsonpath-plus/-/jsonpath-plus-6.0.1.tgz",
      "integrity": "sha512-EvGovdvau6FyLexFH2OeXfIITlgIbgZoAZe3usiySeaIDm5QS+A10DKNpaPBBqqRSZr2HN6HVNXxtwUAr2apEw=="
    }
  }
}
